
Microsoft Visual Studio Solution File, Format Version 12.00
# Visual Studio Version 17
VisualStudioVersion = 17.7.34018.315
MinimumVisualStudioVersion = 10.0.40219.1
Project("{9A19103F-16F7-4668-BE54-9A1E7A4F7556}") = "EmployeeList", "EmployeeList\EmployeeList.csproj", "{6C6A533B-EB72-426E-B24C-8F608161E9DC}"
EndProject
Project("{F14B399A-7131-4C87-9E4B-1186C45EF12D}") = "MiniReport", "MiniReport\MiniReport.rptproj", "{218DF951-555B-4A95-8634-540E31D4E6CA}"
EndProject
Global
	GlobalSection(SolutionConfigurationPlatforms) = preSolution
		Debug|Any CPU = Debug|Any CPU
		DebugLocal|Any CPU = DebugLocal|Any CPU
		Release|Any CPU = Release|Any CPU
	EndGlobalSection
	GlobalSection(ProjectConfigurationPlatforms) = postSolution
		{6C6A533B-EB72-426E-B24C-8F608161E9DC}.Debug|Any CPU.ActiveCfg = Debug|Any CPU
		{6C6A533B-EB72-426E-B24C-8F608161E9DC}.Debug|Any CPU.Build.0 = Debug|Any CPU
		{6C6A533B-EB72-426E-B24C-8F608161E9DC}.DebugLocal|Any CPU.ActiveCfg = Debug|Any CPU
		{6C6A533B-EB72-426E-B24C-8F608161E9DC}.DebugLocal|Any CPU.Build.0 = Debug|Any CPU
		{6C6A533B-EB72-426E-B24C-8F608161E9DC}.Release|Any CPU.ActiveCfg = Release|Any CPU
		{6C6A533B-EB72-426E-B24C-8F608161E9DC}.Release|Any CPU.Build.0 = Release|Any CPU
		{218DF951-555B-4A95-8634-540E31D4E6CA}.Debug|Any CPU.ActiveCfg = Debug
		{218DF951-555B-4A95-8634-540E31D4E6CA}.Debug|Any CPU.Build.0 = Debug
		{218DF951-555B-4A95-8634-540E31D4E6CA}.Debug|Any CPU.Deploy.0 = Debug
		{218DF951-555B-4A95-8634-540E31D4E6CA}.DebugLocal|Any CPU.ActiveCfg = DebugLocal
		{218DF951-555B-4A95-8634-540E31D4E6CA}.DebugLocal|Any CPU.Build.0 = DebugLocal
		{218DF951-555B-4A95-8634-540E31D4E6CA}.Release|Any CPU.ActiveCfg = Release
		{218DF951-555B-4A95-8634-540E31D4E6CA}.Release|Any CPU.Build.0 = Release
		{218DF951-555B-4A95-8634-540E31D4E6CA}.Release|Any CPU.Deploy.0 = Release
	EndGlobalSection
	GlobalSection(SolutionProperties) = preSolution
		HideSolutionNode = FALSE
	EndGlobalSection
	GlobalSection(ExtensibilityGlobals) = postSolution
		SolutionGuid = {7D220D61-3711-4178-816B-69BED113FB0A}
	EndGlobalSection
EndGlobal
